// !$*UTF8*$!
{
	archiveVersion = 1;
	classes = {
	};
	objectVersion = 51;
	objects = {

/* Begin PBXBuildFile section */
		EDEE9C273F68D06EE2B51E92 /* Pods_TVShowManager.framework in Frameworks */ = {isa = PBXBuildFile; fileRef = EEDB285A762254D2EBB338C8 /* Pods_TVShowManager.framework */; };
		FF0722C72482A183005E986C /* AppStartViewModel.swift in Sources */ = {isa = PBXBuildFile; fileRef = FF0722C62482A183005E986C /* AppStartViewModel.swift */; };
		FF0722CA2482AC80005E986C /* Localizable.strings in Resources */ = {isa = PBXBuildFile; fileRef = FF0722CC2482AC80005E986C /* Localizable.strings */; };
		FF0722D12482AD8C005E986C /* String+Localization.swift in Sources */ = {isa = PBXBuildFile; fileRef = FF0722D02482AD8C005E986C /* String+Localization.swift */; };
		FF0722D42482AF32005E986C /* UIViewController+Window.swift in Sources */ = {isa = PBXBuildFile; fileRef = FF0722D32482AF32005E986C /* UIViewController+Window.swift */; };
		FF0722D82482B019005E986C /* HomeViewController.swift in Sources */ = {isa = PBXBuildFile; fileRef = FF0722D62482B019005E986C /* HomeViewController.swift */; };
		FF0722D92482B019005E986C /* HomeViewController.xib in Resources */ = {isa = PBXBuildFile; fileRef = FF0722D72482B019005E986C /* HomeViewController.xib */; };
		FF0722DB2482B02C005E986C /* HomeInteractor.swift in Sources */ = {isa = PBXBuildFile; fileRef = FF0722DA2482B02C005E986C /* HomeInteractor.swift */; };
		FF0722DD2482B03D005E986C /* HomePresenter.swift in Sources */ = {isa = PBXBuildFile; fileRef = FF0722DC2482B03D005E986C /* HomePresenter.swift */; };
		FF0722DF2482B4C9005E986C /* UIViewController+UINavigationController.swift in Sources */ = {isa = PBXBuildFile; fileRef = FF0722DE2482B4C9005E986C /* UIViewController+UINavigationController.swift */; };
		FF0722E62482DBE9005E986C /* AddTVShowViewController.swift in Sources */ = {isa = PBXBuildFile; fileRef = FF0722E42482DBE9005E986C /* AddTVShowViewController.swift */; };
		FF0722E72482DBE9005E986C /* AddTVShowViewController.xib in Resources */ = {isa = PBXBuildFile; fileRef = FF0722E52482DBE9005E986C /* AddTVShowViewController.xib */; };
		FF0722E92482DC07005E986C /* AddTVShowInteractor.swift in Sources */ = {isa = PBXBuildFile; fileRef = FF0722E82482DC07005E986C /* AddTVShowInteractor.swift */; };
		FF0722EB2482DC22005E986C /* AddTVShowPresenter.swift in Sources */ = {isa = PBXBuildFile; fileRef = FF0722EA2482DC22005E986C /* AddTVShowPresenter.swift */; };
		FF0722F12482DDEB005E986C /* WatchedTVShowPresenter.swift in Sources */ = {isa = PBXBuildFile; fileRef = FF0722ED2482DDEB005E986C /* WatchedTVShowPresenter.swift */; };
		FF0722F22482DDEB005E986C /* WatchedTVShowViewController.swift in Sources */ = {isa = PBXBuildFile; fileRef = FF0722EE2482DDEB005E986C /* WatchedTVShowViewController.swift */; };
		FF0722F32482DDEB005E986C /* WatchedTVShowViewController.xib in Resources */ = {isa = PBXBuildFile; fileRef = FF0722EF2482DDEB005E986C /* WatchedTVShowViewController.xib */; };
		FF0722F42482DDEB005E986C /* WatchedTVShowInteractor.swift in Sources */ = {isa = PBXBuildFile; fileRef = FF0722F02482DDEB005E986C /* WatchedTVShowInteractor.swift */; };
		FF0722F72482DF57005E986C /* Router.swift in Sources */ = {isa = PBXBuildFile; fileRef = FF0722F62482DF57005E986C /* Router.swift */; };
		FF0722F92482E1A7005E986C /* RouterFactory.swift in Sources */ = {isa = PBXBuildFile; fileRef = FF0722F82482E1A7005E986C /* RouterFactory.swift */; };
		FF155BFE2482403100F76D38 /* AppDelegate.swift in Sources */ = {isa = PBXBuildFile; fileRef = FF155BFD2482403100F76D38 /* AppDelegate.swift */; };
		FF155C002482403100F76D38 /* SceneDelegate.swift in Sources */ = {isa = PBXBuildFile; fileRef = FF155BFF2482403100F76D38 /* SceneDelegate.swift */; };
		FF155C082482403100F76D38 /* TVShowManager.xcdatamodeld in Sources */ = {isa = PBXBuildFile; fileRef = FF155C062482403100F76D38 /* TVShowManager.xcdatamodeld */; };
		FF155C0A2482403200F76D38 /* Assets.xcassets in Resources */ = {isa = PBXBuildFile; fileRef = FF155C092482403200F76D38 /* Assets.xcassets */; };
		FF155C0D2482403200F76D38 /* LaunchScreen.storyboard in Resources */ = {isa = PBXBuildFile; fileRef = FF155C0B2482403200F76D38 /* LaunchScreen.storyboard */; };
		FF1A0B172482456700E406E9 /* Factory.swift in Sources */ = {isa = PBXBuildFile; fileRef = FF1A0B162482456700E406E9 /* Factory.swift */; };
		FF1A0B192482473000E406E9 /* ViewControllersFactory.swift in Sources */ = {isa = PBXBuildFile; fileRef = FF1A0B182482473000E406E9 /* ViewControllersFactory.swift */; };
		FF1A0B1E24824D8B00E406E9 /* AppStartViewController.swift in Sources */ = {isa = PBXBuildFile; fileRef = FF1A0B1C24824D8B00E406E9 /* AppStartViewController.swift */; };
		FF1A0B1F24824D8B00E406E9 /* AppStartViewController.xib in Resources */ = {isa = PBXBuildFile; fileRef = FF1A0B1D24824D8B00E406E9 /* AppStartViewController.xib */; };
		FF1A0B2124824DBD00E406E9 /* AppStartInteractor.swift in Sources */ = {isa = PBXBuildFile; fileRef = FF1A0B2024824DBD00E406E9 /* AppStartInteractor.swift */; };
		FF1A0B2324824DCC00E406E9 /* AppStartPresenter.swift in Sources */ = {isa = PBXBuildFile; fileRef = FF1A0B2224824DCC00E406E9 /* AppStartPresenter.swift */; };
		FF1A0B262482504200E406E9 /* NSObject+Extensions.swift in Sources */ = {isa = PBXBuildFile; fileRef = FF1A0B252482504200E406E9 /* NSObject+Extensions.swift */; };
		FF1A0B292482513B00E406E9 /* LocalPersistentStore.swift in Sources */ = {isa = PBXBuildFile; fileRef = FF1A0B282482513B00E406E9 /* LocalPersistentStore.swift */; };
		FF1A0B2E2482530200E406E9 /* FileManager+URLs.swift in Sources */ = {isa = PBXBuildFile; fileRef = FF1A0B2D2482530200E406E9 /* FileManager+URLs.swift */; };
		FF1A0B332482560700E406E9 /* DataLayerFactory.swift in Sources */ = {isa = PBXBuildFile; fileRef = FF1A0B322482560700E406E9 /* DataLayerFactory.swift */; };
		FF1A4C68248386A0006D4B23 /* ActionButton.swift in Sources */ = {isa = PBXBuildFile; fileRef = FF1A4C67248386A0006D4B23 /* ActionButton.swift */; };
		FF1A4C6B2483877C006D4B23 /* CALayer+Extensions.swift in Sources */ = {isa = PBXBuildFile; fileRef = FF1A4C6A2483877C006D4B23 /* CALayer+Extensions.swift */; };
		FF3313372483A73D00C64F6D /* TVShowDAO+CoreDataClass.swift in Sources */ = {isa = PBXBuildFile; fileRef = FF3313352483A73D00C64F6D /* TVShowDAO+CoreDataClass.swift */; };
		FF3313382483A73D00C64F6D /* TVShowDAO+CoreDataProperties.swift in Sources */ = {isa = PBXBuildFile; fileRef = FF3313362483A73D00C64F6D /* TVShowDAO+CoreDataProperties.swift */; };
		FF33133B2483A91500C64F6D /* TVShowProvider.swift in Sources */ = {isa = PBXBuildFile; fileRef = FF33133A2483A91500C64F6D /* TVShowProvider.swift */; };
		FF33133D2483AA1F00C64F6D /* ProvidersFactory.swift in Sources */ = {isa = PBXBuildFile; fileRef = FF33133C2483AA1F00C64F6D /* ProvidersFactory.swift */; };
		FF3313412483AE1500C64F6D /* TVShowViewModel.swift in Sources */ = {isa = PBXBuildFile; fileRef = FF3313402483AE1500C64F6D /* TVShowViewModel.swift */; };
		FF3313442483C3D900C64F6D /* UIViewController+Alert.swift in Sources */ = {isa = PBXBuildFile; fileRef = FF3313432483C3D900C64F6D /* UIViewController+Alert.swift */; };
		FF3313482483D01F00C64F6D /* UICollectionViewCell+Creating.swift in Sources */ = {isa = PBXBuildFile; fileRef = FF3313472483D01F00C64F6D /* UICollectionViewCell+Creating.swift */; };
		FF33134C2483D10700C64F6D /* WatchedTVShowCollectionViewCell.swift in Sources */ = {isa = PBXBuildFile; fileRef = FF33134A2483D10700C64F6D /* WatchedTVShowCollectionViewCell.swift */; };
		FF33134D2483D10700C64F6D /* WatchedTVShowCollectionViewCell.xib in Resources */ = {isa = PBXBuildFile; fileRef = FF33134B2483D10700C64F6D /* WatchedTVShowCollectionViewCell.xib */; };
		FF33134F2483D13400C64F6D /* WatchedTVShowCellViewModel.swift in Sources */ = {isa = PBXBuildFile; fileRef = FF33134E2483D13400C64F6D /* WatchedTVShowCellViewModel.swift */; };
		FF3313522483DDB100C64F6D /* Array+Access.swift in Sources */ = {isa = PBXBuildFile; fileRef = FF3313512483DDB100C64F6D /* Array+Access.swift */; };
		FFC731212484123B003F021F /* WatchedTVShowFlowLayout.swift in Sources */ = {isa = PBXBuildFile; fileRef = FFC731202484123B003F021F /* WatchedTVShowFlowLayout.swift */; };
		FFC7312424842DFC003F021F /* Network.swift in Sources */ = {isa = PBXBuildFile; fileRef = FFC7312324842DFC003F021F /* Network.swift */; };
		FFC7312624843082003F021F /* NetworkFactory.swift in Sources */ = {isa = PBXBuildFile; fileRef = FFC7312524843082003F021F /* NetworkFactory.swift */; };
		FFC731292484343E003F021F /* SaveTVShowDTO.swift in Sources */ = {isa = PBXBuildFile; fileRef = FFC731282484343E003F021F /* SaveTVShowDTO.swift */; };
/* End PBXBuildFile section */

/* Begin PBXFileReference section */
		29570827196E8DA26C93DF60 /* Pods-TVShowManager.release.xcconfig */ = {isa = PBXFileReference; includeInIndex = 1; lastKnownFileType = text.xcconfig; name = "Pods-TVShowManager.release.xcconfig"; path = "Target Support Files/Pods-TVShowManager/Pods-TVShowManager.release.xcconfig"; sourceTree = "<group>"; };
		2DE3CA32F0725AB4933D1C3B /* Pods-TVShowManager.debug.xcconfig */ = {isa = PBXFileReference; includeInIndex = 1; lastKnownFileType = text.xcconfig; name = "Pods-TVShowManager.debug.xcconfig"; path = "Target Support Files/Pods-TVShowManager/Pods-TVShowManager.debug.xcconfig"; sourceTree = "<group>"; };
		EEDB285A762254D2EBB338C8 /* Pods_TVShowManager.framework */ = {isa = PBXFileReference; explicitFileType = wrapper.framework; includeInIndex = 0; path = Pods_TVShowManager.framework; sourceTree = BUILT_PRODUCTS_DIR; };
		FF0722C62482A183005E986C /* AppStartViewModel.swift */ = {isa = PBXFileReference; lastKnownFileType = sourcecode.swift; path = AppStartViewModel.swift; sourceTree = "<group>"; };
		FF0722CB2482AC80005E986C /* en */ = {isa = PBXFileReference; lastKnownFileType = text.plist.strings; name = en; path = en.lproj/Localizable.strings; sourceTree = "<group>"; };
		FF0722CD2482AC96005E986C /* ru */ = {isa = PBXFileReference; lastKnownFileType = text.plist.strings; name = ru; path = ru.lproj/Localizable.strings; sourceTree = "<group>"; };
		FF0722CE2482ACA3005E986C /* de */ = {isa = PBXFileReference; lastKnownFileType = text.plist.strings; name = de; path = de.lproj/Localizable.strings; sourceTree = "<group>"; };
		FF0722D02482AD8C005E986C /* String+Localization.swift */ = {isa = PBXFileReference; lastKnownFileType = sourcecode.swift; path = "String+Localization.swift"; sourceTree = "<group>"; };
		FF0722D32482AF32005E986C /* UIViewController+Window.swift */ = {isa = PBXFileReference; lastKnownFileType = sourcecode.swift; path = "UIViewController+Window.swift"; sourceTree = "<group>"; };
		FF0722D62482B019005E986C /* HomeViewController.swift */ = {isa = PBXFileReference; lastKnownFileType = sourcecode.swift; path = HomeViewController.swift; sourceTree = "<group>"; };
		FF0722D72482B019005E986C /* HomeViewController.xib */ = {isa = PBXFileReference; lastKnownFileType = file.xib; path = HomeViewController.xib; sourceTree = "<group>"; };
		FF0722DA2482B02C005E986C /* HomeInteractor.swift */ = {isa = PBXFileReference; lastKnownFileType = sourcecode.swift; path = HomeInteractor.swift; sourceTree = "<group>"; };
		FF0722DC2482B03D005E986C /* HomePresenter.swift */ = {isa = PBXFileReference; lastKnownFileType = sourcecode.swift; path = HomePresenter.swift; sourceTree = "<group>"; };
		FF0722DE2482B4C9005E986C /* UIViewController+UINavigationController.swift */ = {isa = PBXFileReference; lastKnownFileType = sourcecode.swift; path = "UIViewController+UINavigationController.swift"; sourceTree = "<group>"; };
		FF0722E42482DBE9005E986C /* AddTVShowViewController.swift */ = {isa = PBXFileReference; lastKnownFileType = sourcecode.swift; path = AddTVShowViewController.swift; sourceTree = "<group>"; };
		FF0722E52482DBE9005E986C /* AddTVShowViewController.xib */ = {isa = PBXFileReference; lastKnownFileType = file.xib; path = AddTVShowViewController.xib; sourceTree = "<group>"; };
		FF0722E82482DC07005E986C /* AddTVShowInteractor.swift */ = {isa = PBXFileReference; lastKnownFileType = sourcecode.swift; path = AddTVShowInteractor.swift; sourceTree = "<group>"; };
		FF0722EA2482DC22005E986C /* AddTVShowPresenter.swift */ = {isa = PBXFileReference; lastKnownFileType = sourcecode.swift; path = AddTVShowPresenter.swift; sourceTree = "<group>"; };
		FF0722ED2482DDEB005E986C /* WatchedTVShowPresenter.swift */ = {isa = PBXFileReference; fileEncoding = 4; lastKnownFileType = sourcecode.swift; path = WatchedTVShowPresenter.swift; sourceTree = "<group>"; };
		FF0722EE2482DDEB005E986C /* WatchedTVShowViewController.swift */ = {isa = PBXFileReference; fileEncoding = 4; lastKnownFileType = sourcecode.swift; path = WatchedTVShowViewController.swift; sourceTree = "<group>"; };
		FF0722EF2482DDEB005E986C /* WatchedTVShowViewController.xib */ = {isa = PBXFileReference; fileEncoding = 4; lastKnownFileType = file.xib; path = WatchedTVShowViewController.xib; sourceTree = "<group>"; };
		FF0722F02482DDEB005E986C /* WatchedTVShowInteractor.swift */ = {isa = PBXFileReference; fileEncoding = 4; lastKnownFileType = sourcecode.swift; path = WatchedTVShowInteractor.swift; sourceTree = "<group>"; };
		FF0722F62482DF57005E986C /* Router.swift */ = {isa = PBXFileReference; lastKnownFileType = sourcecode.swift; path = Router.swift; sourceTree = "<group>"; };
		FF0722F82482E1A7005E986C /* RouterFactory.swift */ = {isa = PBXFileReference; lastKnownFileType = sourcecode.swift; path = RouterFactory.swift; sourceTree = "<group>"; };
		FF155BFA2482403100F76D38 /* TVShowManager.app */ = {isa = PBXFileReference; explicitFileType = wrapper.application; includeInIndex = 0; path = TVShowManager.app; sourceTree = BUILT_PRODUCTS_DIR; };
		FF155BFD2482403100F76D38 /* AppDelegate.swift */ = {isa = PBXFileReference; lastKnownFileType = sourcecode.swift; path = AppDelegate.swift; sourceTree = "<group>"; };
		FF155BFF2482403100F76D38 /* SceneDelegate.swift */ = {isa = PBXFileReference; lastKnownFileType = sourcecode.swift; path = SceneDelegate.swift; sourceTree = "<group>"; };
		FF155C072482403100F76D38 /* TVShowManager.xcdatamodel */ = {isa = PBXFileReference; lastKnownFileType = wrapper.xcdatamodel; path = TVShowManager.xcdatamodel; sourceTree = "<group>"; };
		FF155C092482403200F76D38 /* Assets.xcassets */ = {isa = PBXFileReference; lastKnownFileType = folder.assetcatalog; path = Assets.xcassets; sourceTree = "<group>"; };
		FF155C0C2482403200F76D38 /* Base */ = {isa = PBXFileReference; lastKnownFileType = file.storyboard; name = Base; path = Base.lproj/LaunchScreen.storyboard; sourceTree = "<group>"; };
		FF155C0E2482403200F76D38 /* Info.plist */ = {isa = PBXFileReference; lastKnownFileType = text.plist.xml; path = Info.plist; sourceTree = "<group>"; };
		FF1A0B162482456700E406E9 /* Factory.swift */ = {isa = PBXFileReference; lastKnownFileType = sourcecode.swift; path = Factory.swift; sourceTree = "<group>"; };
		FF1A0B182482473000E406E9 /* ViewControllersFactory.swift */ = {isa = PBXFileReference; lastKnownFileType = sourcecode.swift; path = ViewControllersFactory.swift; sourceTree = "<group>"; };
		FF1A0B1C24824D8B00E406E9 /* AppStartViewController.swift */ = {isa = PBXFileReference; lastKnownFileType = sourcecode.swift; path = AppStartViewController.swift; sourceTree = "<group>"; };
		FF1A0B1D24824D8B00E406E9 /* AppStartViewController.xib */ = {isa = PBXFileReference; lastKnownFileType = file.xib; path = AppStartViewController.xib; sourceTree = "<group>"; };
		FF1A0B2024824DBD00E406E9 /* AppStartInteractor.swift */ = {isa = PBXFileReference; lastKnownFileType = sourcecode.swift; path = AppStartInteractor.swift; sourceTree = "<group>"; };
		FF1A0B2224824DCC00E406E9 /* AppStartPresenter.swift */ = {isa = PBXFileReference; lastKnownFileType = sourcecode.swift; path = AppStartPresenter.swift; sourceTree = "<group>"; };
		FF1A0B252482504200E406E9 /* NSObject+Extensions.swift */ = {isa = PBXFileReference; lastKnownFileType = sourcecode.swift; path = "NSObject+Extensions.swift"; sourceTree = "<group>"; };
		FF1A0B282482513B00E406E9 /* LocalPersistentStore.swift */ = {isa = PBXFileReference; lastKnownFileType = sourcecode.swift; path = LocalPersistentStore.swift; sourceTree = "<group>"; };
		FF1A0B2D2482530200E406E9 /* FileManager+URLs.swift */ = {isa = PBXFileReference; lastKnownFileType = sourcecode.swift; path = "FileManager+URLs.swift"; sourceTree = "<group>"; };
		FF1A0B322482560700E406E9 /* DataLayerFactory.swift */ = {isa = PBXFileReference; lastKnownFileType = sourcecode.swift; path = DataLayerFactory.swift; sourceTree = "<group>"; };
		FF1A4C67248386A0006D4B23 /* ActionButton.swift */ = {isa = PBXFileReference; lastKnownFileType = sourcecode.swift; path = ActionButton.swift; sourceTree = "<group>"; };
		FF1A4C6A2483877C006D4B23 /* CALayer+Extensions.swift */ = {isa = PBXFileReference; lastKnownFileType = sourcecode.swift; path = "CALayer+Extensions.swift"; sourceTree = "<group>"; };
		FF3313352483A73D00C64F6D /* TVShowDAO+CoreDataClass.swift */ = {isa = PBXFileReference; lastKnownFileType = sourcecode.swift; path = "TVShowDAO+CoreDataClass.swift"; sourceTree = "<group>"; };
		FF3313362483A73D00C64F6D /* TVShowDAO+CoreDataProperties.swift */ = {isa = PBXFileReference; lastKnownFileType = sourcecode.swift; path = "TVShowDAO+CoreDataProperties.swift"; sourceTree = "<group>"; };
		FF33133A2483A91500C64F6D /* TVShowProvider.swift */ = {isa = PBXFileReference; lastKnownFileType = sourcecode.swift; path = TVShowProvider.swift; sourceTree = "<group>"; };
		FF33133C2483AA1F00C64F6D /* ProvidersFactory.swift */ = {isa = PBXFileReference; lastKnownFileType = sourcecode.swift; path = ProvidersFactory.swift; sourceTree = "<group>"; };
		FF3313402483AE1500C64F6D /* TVShowViewModel.swift */ = {isa = PBXFileReference; lastKnownFileType = sourcecode.swift; path = TVShowViewModel.swift; sourceTree = "<group>"; };
		FF3313432483C3D900C64F6D /* UIViewController+Alert.swift */ = {isa = PBXFileReference; lastKnownFileType = sourcecode.swift; path = "UIViewController+Alert.swift"; sourceTree = "<group>"; };
		FF3313472483D01F00C64F6D /* UICollectionViewCell+Creating.swift */ = {isa = PBXFileReference; lastKnownFileType = sourcecode.swift; path = "UICollectionViewCell+Creating.swift"; sourceTree = "<group>"; };
		FF33134A2483D10700C64F6D /* WatchedTVShowCollectionViewCell.swift */ = {isa = PBXFileReference; lastKnownFileType = sourcecode.swift; path = WatchedTVShowCollectionViewCell.swift; sourceTree = "<group>"; };
		FF33134B2483D10700C64F6D /* WatchedTVShowCollectionViewCell.xib */ = {isa = PBXFileReference; lastKnownFileType = file.xib; path = WatchedTVShowCollectionViewCell.xib; sourceTree = "<group>"; };
		FF33134E2483D13400C64F6D /* WatchedTVShowCellViewModel.swift */ = {isa = PBXFileReference; lastKnownFileType = sourcecode.swift; path = WatchedTVShowCellViewModel.swift; sourceTree = "<group>"; };
		FF3313512483DDB100C64F6D /* Array+Access.swift */ = {isa = PBXFileReference; lastKnownFileType = sourcecode.swift; path = "Array+Access.swift"; sourceTree = "<group>"; };
		FFC731202484123B003F021F /* WatchedTVShowFlowLayout.swift */ = {isa = PBXFileReference; lastKnownFileType = sourcecode.swift; path = WatchedTVShowFlowLayout.swift; sourceTree = "<group>"; };
		FFC7312324842DFC003F021F /* Network.swift */ = {isa = PBXFileReference; lastKnownFileType = sourcecode.swift; path = Network.swift; sourceTree = "<group>"; };
		FFC7312524843082003F021F /* NetworkFactory.swift */ = {isa = PBXFileReference; lastKnownFileType = sourcecode.swift; path = NetworkFactory.swift; sourceTree = "<group>"; };
		FFC731282484343E003F021F /* SaveTVShowDTO.swift */ = {isa = PBXFileReference; lastKnownFileType = sourcecode.swift; path = SaveTVShowDTO.swift; sourceTree = "<group>"; };
/* End PBXFileReference section */

/* Begin PBXFrameworksBuildPhase section */
		FF155BF72482403100F76D38 /* Frameworks */ = {
			isa = PBXFrameworksBuildPhase;
			buildActionMask = 2147483647;
			files = (
				EDEE9C273F68D06EE2B51E92 /* Pods_TVShowManager.framework in Frameworks */,
			);
			runOnlyForDeploymentPostprocessing = 0;
		};
/* End PBXFrameworksBuildPhase section */

/* Begin PBXGroup section */
		9AF707ECEABD127B07792435 /* Frameworks */ = {
			isa = PBXGroup;
			children = (
				EEDB285A762254D2EBB338C8 /* Pods_TVShowManager.framework */,
			);
			name = Frameworks;
			sourceTree = "<group>";
		};
		DB82D7630EF046499C707978 /* Pods */ = {
			isa = PBXGroup;
			children = (
				2DE3CA32F0725AB4933D1C3B /* Pods-TVShowManager.debug.xcconfig */,
				29570827196E8DA26C93DF60 /* Pods-TVShowManager.release.xcconfig */,
			);
			path = Pods;
			sourceTree = "<group>";
		};
		FF0722CF2482AD73005E986C /* String */ = {
			isa = PBXGroup;
			children = (
				FF0722D02482AD8C005E986C /* String+Localization.swift */,
			);
			path = String;
			sourceTree = "<group>";
		};
		FF0722D22482AF02005E986C /* UIViewController */ = {
			isa = PBXGroup;
			children = (
				FF0722DE2482B4C9005E986C /* UIViewController+UINavigationController.swift */,
				FF0722D32482AF32005E986C /* UIViewController+Window.swift */,
				FF3313432483C3D900C64F6D /* UIViewController+Alert.swift */,
			);
			path = UIViewController;
			sourceTree = "<group>";
		};
		FF0722D52482AFF6005E986C /* Home */ = {
			isa = PBXGroup;
			children = (
				FF0722DA2482B02C005E986C /* HomeInteractor.swift */,
				FF0722DC2482B03D005E986C /* HomePresenter.swift */,
				FF0722D62482B019005E986C /* HomeViewController.swift */,
				FF0722D72482B019005E986C /* HomeViewController.xib */,
			);
			path = Home;
			sourceTree = "<group>";
		};
		FF0722E32482DBC8005E986C /* AddTVShow */ = {
			isa = PBXGroup;
			children = (
				FF0722E82482DC07005E986C /* AddTVShowInteractor.swift */,
				FF0722EA2482DC22005E986C /* AddTVShowPresenter.swift */,
				FF0722E42482DBE9005E986C /* AddTVShowViewController.swift */,
				FF0722E52482DBE9005E986C /* AddTVShowViewController.xib */,
				FF3313402483AE1500C64F6D /* TVShowViewModel.swift */,
			);
			path = AddTVShow;
			sourceTree = "<group>";
		};
		FF0722EC2482DDA4005E986C /* WatchedTVShow */ = {
			isa = PBXGroup;
			children = (
				FF3313492483D0BE00C64F6D /* Cell */,
				FFC731202484123B003F021F /* WatchedTVShowFlowLayout.swift */,
				FF0722F02482DDEB005E986C /* WatchedTVShowInteractor.swift */,
				FF0722ED2482DDEB005E986C /* WatchedTVShowPresenter.swift */,
				FF0722EE2482DDEB005E986C /* WatchedTVShowViewController.swift */,
				FF0722EF2482DDEB005E986C /* WatchedTVShowViewController.xib */,
			);
			path = WatchedTVShow;
			sourceTree = "<group>";
		};
		FF0722F52482DF2B005E986C /* Router */ = {
			isa = PBXGroup;
			children = (
				FF0722F62482DF57005E986C /* Router.swift */,
			);
			path = Router;
			sourceTree = "<group>";
		};
		FF155BF12482403100F76D38 = {
			isa = PBXGroup;
			children = (
				FF155BFC2482403100F76D38 /* TVShowManager */,
				FF155BFB2482403100F76D38 /* Products */,
				DB82D7630EF046499C707978 /* Pods */,
				9AF707ECEABD127B07792435 /* Frameworks */,
			);
			sourceTree = "<group>";
		};
		FF155BFB2482403100F76D38 /* Products */ = {
			isa = PBXGroup;
			children = (
				FF155BFA2482403100F76D38 /* TVShowManager.app */,
			);
			name = Products;
			sourceTree = "<group>";
		};
		FF155BFC2482403100F76D38 /* TVShowManager */ = {
			isa = PBXGroup;
			children = (
				FF6E470824824121001BE330 /* Application */,
				FF1A4C6424838668006D4B23 /* Components */,
				FF6E470D2482417B001BE330 /* DataLayer */,
				FF1A0B242482502000E406E9 /* Extensions */,
				FF1A0B152482454100E406E9 /* Factories */,
				FFC7312224842DEB003F021F /* Network */,
				FF3313392483A8F600C64F6D /* Providers */,
				FF6E470B24824164001BE330 /* Resources */,
				FF0722F52482DF2B005E986C /* Router */,
				FF6E470A2482413C001BE330 /* Storyboards */,
				FF6E470C2482416E001BE330 /* SupportingFiles */,
				FF6E470924824131001BE330 /* ViewControllers */,
			);
			path = TVShowManager;
			sourceTree = "<group>";
		};
		FF1A0B152482454100E406E9 /* Factories */ = {
			isa = PBXGroup;
			children = (
				FF1A0B322482560700E406E9 /* DataLayerFactory.swift */,
				FF1A0B162482456700E406E9 /* Factory.swift */,
				FFC7312524843082003F021F /* NetworkFactory.swift */,
				FF33133C2483AA1F00C64F6D /* ProvidersFactory.swift */,
				FF0722F82482E1A7005E986C /* RouterFactory.swift */,
				FF1A0B182482473000E406E9 /* ViewControllersFactory.swift */,
			);
			path = Factories;
			sourceTree = "<group>";
		};
		FF1A0B1B24824D5700E406E9 /* AppStart */ = {
			isa = PBXGroup;
			children = (
				FF1A0B2024824DBD00E406E9 /* AppStartInteractor.swift */,
				FF1A0B2224824DCC00E406E9 /* AppStartPresenter.swift */,
				FF1A0B1C24824D8B00E406E9 /* AppStartViewController.swift */,
				FF1A0B1D24824D8B00E406E9 /* AppStartViewController.xib */,
				FF0722C62482A183005E986C /* AppStartViewModel.swift */,
			);
			path = AppStart;
			sourceTree = "<group>";
		};
		FF1A0B242482502000E406E9 /* Extensions */ = {
			isa = PBXGroup;
			children = (
				FF3313502483DD9700C64F6D /* Array */,
				FF1A4C6924838764006D4B23 /* CALayer */,
				FF1A0B2C248252E800E406E9 /* FileManager */,
				FF1A0B2A248252B200E406E9 /* NSObject */,
				FF0722CF2482AD73005E986C /* String */,
				FF3313462483D00300C64F6D /* UICollectionViewCell */,
				FF0722D22482AF02005E986C /* UIViewController */,
			);
			path = Extensions;
			sourceTree = "<group>";
		};
		FF1A0B272482511D00E406E9 /* LocalPersistentStore */ = {
			isa = PBXGroup;
			children = (
				FF1A0B282482513B00E406E9 /* LocalPersistentStore.swift */,
			);
			path = LocalPersistentStore;
			sourceTree = "<group>";
		};
		FF1A0B2A248252B200E406E9 /* NSObject */ = {
			isa = PBXGroup;
			children = (
				FF1A0B252482504200E406E9 /* NSObject+Extensions.swift */,
			);
			path = NSObject;
			sourceTree = "<group>";
		};
		FF1A0B2C248252E800E406E9 /* FileManager */ = {
			isa = PBXGroup;
			children = (
				FF1A0B2D2482530200E406E9 /* FileManager+URLs.swift */,
			);
			path = FileManager;
			sourceTree = "<group>";
		};
		FF1A4C6424838668006D4B23 /* Components */ = {
			isa = PBXGroup;
			children = (
				FF1A4C662483868B006D4B23 /* Button */,
			);
			path = Components;
			sourceTree = "<group>";
		};
		FF1A4C662483868B006D4B23 /* Button */ = {
			isa = PBXGroup;
			children = (
				FF1A4C67248386A0006D4B23 /* ActionButton.swift */,
			);
			path = Button;
			sourceTree = "<group>";
		};
		FF1A4C6924838764006D4B23 /* CALayer */ = {
			isa = PBXGroup;
			children = (
				FF1A4C6A2483877C006D4B23 /* CALayer+Extensions.swift */,
			);
			path = CALayer;
			sourceTree = "<group>";
		};
		FF3313392483A8F600C64F6D /* Providers */ = {
			isa = PBXGroup;
			children = (
				FF33133A2483A91500C64F6D /* TVShowProvider.swift */,
			);
			path = Providers;
			sourceTree = "<group>";
		};
		FF3313462483D00300C64F6D /* UICollectionViewCell */ = {
			isa = PBXGroup;
			children = (
				FF3313472483D01F00C64F6D /* UICollectionViewCell+Creating.swift */,
			);
			path = UICollectionViewCell;
			sourceTree = "<group>";
		};
		FF3313492483D0BE00C64F6D /* Cell */ = {
			isa = PBXGroup;
			children = (
				FF33134E2483D13400C64F6D /* WatchedTVShowCellViewModel.swift */,
				FF33134A2483D10700C64F6D /* WatchedTVShowCollectionViewCell.swift */,
				FF33134B2483D10700C64F6D /* WatchedTVShowCollectionViewCell.xib */,
			);
			path = Cell;
			sourceTree = "<group>";
		};
		FF3313502483DD9700C64F6D /* Array */ = {
			isa = PBXGroup;
			children = (
				FF3313512483DDB100C64F6D /* Array+Access.swift */,
			);
			path = Array;
			sourceTree = "<group>";
		};
		FF6E470824824121001BE330 /* Application */ = {
			isa = PBXGroup;
			children = (
				FF155BFD2482403100F76D38 /* AppDelegate.swift */,
				FF155BFF2482403100F76D38 /* SceneDelegate.swift */,
			);
			path = Application;
			sourceTree = "<group>";
		};
		FF6E470924824131001BE330 /* ViewControllers */ = {
			isa = PBXGroup;
			children = (
				FF0722E32482DBC8005E986C /* AddTVShow */,
				FF1A0B1B24824D5700E406E9 /* AppStart */,
				FF0722D52482AFF6005E986C /* Home */,
				FF0722EC2482DDA4005E986C /* WatchedTVShow */,
			);
			path = ViewControllers;
			sourceTree = "<group>";
		};
		FF6E470A2482413C001BE330 /* Storyboards */ = {
			isa = PBXGroup;
			children = (
				FF155C0B2482403200F76D38 /* LaunchScreen.storyboard */,
			);
			path = Storyboards;
			sourceTree = "<group>";
		};
		FF6E470B24824164001BE330 /* Resources */ = {
			isa = PBXGroup;
			children = (
				FF155C092482403200F76D38 /* Assets.xcassets */,
				FF0722CC2482AC80005E986C /* Localizable.strings */,
			);
			path = Resources;
			sourceTree = "<group>";
		};
		FF6E470C2482416E001BE330 /* SupportingFiles */ = {
			isa = PBXGroup;
			children = (
				FF155C0E2482403200F76D38 /* Info.plist */,
			);
			path = SupportingFiles;
			sourceTree = "<group>";
		};
		FF6E470D2482417B001BE330 /* DataLayer */ = {
			isa = PBXGroup;
			children = (
				FF6E470E24824195001BE330 /* DataAccessObjects */,
				FF1A0B272482511D00E406E9 /* LocalPersistentStore */,
			);
			path = DataLayer;
			sourceTree = "<group>";
		};
		FF6E470E24824195001BE330 /* DataAccessObjects */ = {
			isa = PBXGroup;
			children = (
				FF3313352483A73D00C64F6D /* TVShowDAO+CoreDataClass.swift */,
				FF3313362483A73D00C64F6D /* TVShowDAO+CoreDataProperties.swift */,
				FF155C062482403100F76D38 /* TVShowManager.xcdatamodeld */,
			);
			path = DataAccessObjects;
			sourceTree = "<group>";
		};
		FFC7312224842DEB003F021F /* Network */ = {
			isa = PBXGroup;
			children = (
				FFC7312724843409003F021F /* DTOs */,
				FFC7312324842DFC003F021F /* Network.swift */,
			);
			path = Network;
			sourceTree = "<group>";
		};
		FFC7312724843409003F021F /* DTOs */ = {
			isa = PBXGroup;
			children = (
				FFC731282484343E003F021F /* SaveTVShowDTO.swift */,
			);
			path = DTOs;
			sourceTree = "<group>";
		};
/* End PBXGroup section */

/* Begin PBXNativeTarget section */
		FF155BF92482403100F76D38 /* TVShowManager */ = {
			isa = PBXNativeTarget;
			buildConfigurationList = FF155C112482403200F76D38 /* Build configuration list for PBXNativeTarget "TVShowManager" */;
			buildPhases = (
				93262D0CF7435F647876EC8B /* [CP] Check Pods Manifest.lock */,
				FF155BF62482403100F76D38 /* Sources */,
				FF155BF72482403100F76D38 /* Frameworks */,
				FF155BF82482403100F76D38 /* Resources */,
				F026D6A966443704D116A35C /* [CP] Embed Pods Frameworks */,
			);
			buildRules = (
			);
			dependencies = (
			);
			name = TVShowManager;
			productName = TVShowManager;
			productReference = FF155BFA2482403100F76D38 /* TVShowManager.app */;
			productType = "com.apple.product-type.application";
		};
/* End PBXNativeTarget section */

/* Begin PBXProject section */
		FF155BF22482403100F76D38 /* Project object */ = {
			isa = PBXProject;
			attributes = {
				LastSwiftUpdateCheck = 1150;
				LastUpgradeCheck = 1150;
				ORGANIZATIONNAME = "ATi Soft";
				TargetAttributes = {
					FF155BF92482403100F76D38 = {
						CreatedOnToolsVersion = 11.5;
					};
				};
			};
			buildConfigurationList = FF155BF52482403100F76D38 /* Build configuration list for PBXProject "TVShowManager" */;
			compatibilityVersion = "Xcode 9.3";
			developmentRegion = en;
			hasScannedForEncodings = 0;
			knownRegions = (
				en,
				Base,
				ru,
				de,
			);
			mainGroup = FF155BF12482403100F76D38;
			productRefGroup = FF155BFB2482403100F76D38 /* Products */;
			projectDirPath = "";
			projectRoot = "";
			targets = (
				FF155BF92482403100F76D38 /* TVShowManager */,
			);
		};
/* End PBXProject section */

/* Begin PBXResourcesBuildPhase section */
		FF155BF82482403100F76D38 /* Resources */ = {
			isa = PBXResourcesBuildPhase;
			buildActionMask = 2147483647;
			files = (
				FF0722F32482DDEB005E986C /* WatchedTVShowViewController.xib in Resources */,
				FF155C0D2482403200F76D38 /* LaunchScreen.storyboard in Resources */,
				FF0722CA2482AC80005E986C /* Localizable.strings in Resources */,
				FF0722D92482B019005E986C /* HomeViewController.xib in Resources */,
				FF1A0B1F24824D8B00E406E9 /* AppStartViewController.xib in Resources */,
				FF155C0A2482403200F76D38 /* Assets.xcassets in Resources */,
				FF33134D2483D10700C64F6D /* WatchedTVShowCollectionViewCell.xib in Resources */,
				FF0722E72482DBE9005E986C /* AddTVShowViewController.xib in Resources */,
			);
			runOnlyForDeploymentPostprocessing = 0;
		};
/* End PBXResourcesBuildPhase section */

/* Begin PBXShellScriptBuildPhase section */
		93262D0CF7435F647876EC8B /* [CP] Check Pods Manifest.lock */ = {
			isa = PBXShellScriptBuildPhase;
			buildActionMask = 2147483647;
			files = (
			);
			inputFileListPaths = (
			);
			inputPaths = (
				"${PODS_PODFILE_DIR_PATH}/Podfile.lock",
				"${PODS_ROOT}/Manifest.lock",
			);
			name = "[CP] Check Pods Manifest.lock";
			outputFileListPaths = (
			);
			outputPaths = (
				"$(DERIVED_FILE_DIR)/Pods-TVShowManager-checkManifestLockResult.txt",
			);
			runOnlyForDeploymentPostprocessing = 0;
			shellPath = /bin/sh;
			shellScript = "diff \"${PODS_PODFILE_DIR_PATH}/Podfile.lock\" \"${PODS_ROOT}/Manifest.lock\" > /dev/null\nif [ $? != 0 ] ; then\n    # print error to STDERR\n    echo \"error: The sandbox is not in sync with the Podfile.lock. Run 'pod install' or update your CocoaPods installation.\" >&2\n    exit 1\nfi\n# This output is used by Xcode 'outputs' to avoid re-running this script phase.\necho \"SUCCESS\" > \"${SCRIPT_OUTPUT_FILE_0}\"\n";
			showEnvVarsInLog = 0;
		};
		F026D6A966443704D116A35C /* [CP] Embed Pods Frameworks */ = {
			isa = PBXShellScriptBuildPhase;
			buildActionMask = 2147483647;
			files = (
			);
			inputFileListPaths = (
				"${PODS_ROOT}/Target Support Files/Pods-TVShowManager/Pods-TVShowManager-frameworks-${CONFIGURATION}-input-files.xcfilelist",
			);
			name = "[CP] Embed Pods Frameworks";
			outputFileListPaths = (
				"${PODS_ROOT}/Target Support Files/Pods-TVShowManager/Pods-TVShowManager-frameworks-${CONFIGURATION}-output-files.xcfilelist",
			);
			runOnlyForDeploymentPostprocessing = 0;
			shellPath = /bin/sh;
			shellScript = "\"${PODS_ROOT}/Target Support Files/Pods-TVShowManager/Pods-TVShowManager-frameworks.sh\"\n";
			showEnvVarsInLog = 0;
		};
/* End PBXShellScriptBuildPhase section */

/* Begin PBXSourcesBuildPhase section */
		FF155BF62482403100F76D38 /* Sources */ = {
			isa = PBXSourcesBuildPhase;
			buildActionMask = 2147483647;
			files = (
				FF155C082482403100F76D38 /* TVShowManager.xcdatamodeld in Sources */,
				FF1A0B2324824DCC00E406E9 /* AppStartPresenter.swift in Sources */,
				FF33134C2483D10700C64F6D /* WatchedTVShowCollectionViewCell.swift in Sources */,
				FF3313522483DDB100C64F6D /* Array+Access.swift in Sources */,
				FF0722C72482A183005E986C /* AppStartViewModel.swift in Sources */,
				FF1A4C6B2483877C006D4B23 /* CALayer+Extensions.swift in Sources */,
				FF1A0B2124824DBD00E406E9 /* AppStartInteractor.swift in Sources */,
				FF33133B2483A91500C64F6D /* TVShowProvider.swift in Sources */,
				FF155BFE2482403100F76D38 /* AppDelegate.swift in Sources */,
				FFC7312624843082003F021F /* NetworkFactory.swift in Sources */,
				FF1A0B2E2482530200E406E9 /* FileManager+URLs.swift in Sources */,
				FF1A0B262482504200E406E9 /* NSObject+Extensions.swift in Sources */,
				FF1A0B292482513B00E406E9 /* LocalPersistentStore.swift in Sources */,
				FF0722F42482DDEB005E986C /* WatchedTVShowInteractor.swift in Sources */,
				FF3313382483A73D00C64F6D /* TVShowDAO+CoreDataProperties.swift in Sources */,
				FF33133D2483AA1F00C64F6D /* ProvidersFactory.swift in Sources */,
				FF0722E92482DC07005E986C /* AddTVShowInteractor.swift in Sources */,
				FF0722D42482AF32005E986C /* UIViewController+Window.swift in Sources */,
				FFC731212484123B003F021F /* WatchedTVShowFlowLayout.swift in Sources */,
				FF3313482483D01F00C64F6D /* UICollectionViewCell+Creating.swift in Sources */,
				FF0722D12482AD8C005E986C /* String+Localization.swift in Sources */,
				FF0722F72482DF57005E986C /* Router.swift in Sources */,
				FF0722DD2482B03D005E986C /* HomePresenter.swift in Sources */,
				FF0722E62482DBE9005E986C /* AddTVShowViewController.swift in Sources */,
				FF155C002482403100F76D38 /* SceneDelegate.swift in Sources */,
				FF3313442483C3D900C64F6D /* UIViewController+Alert.swift in Sources */,
				FF3313372483A73D00C64F6D /* TVShowDAO+CoreDataClass.swift in Sources */,
				FFC731292484343E003F021F /* SaveTVShowDTO.swift in Sources */,
				FF0722DF2482B4C9005E986C /* UIViewController+UINavigationController.swift in Sources */,
				FF0722D82482B019005E986C /* HomeViewController.swift in Sources */,
				FF1A0B332482560700E406E9 /* DataLayerFactory.swift in Sources */,
				FFC7312424842DFC003F021F /* Network.swift in Sources */,
				FF0722EB2482DC22005E986C /* AddTVShowPresenter.swift in Sources */,
				FF33134F2483D13400C64F6D /* WatchedTVShowCellViewModel.swift in Sources */,
				FF3313412483AE1500C64F6D /* TVShowViewModel.swift in Sources */,
				FF0722F92482E1A7005E986C /* RouterFactory.swift in Sources */,
				FF0722F22482DDEB005E986C /* WatchedTVShowViewController.swift in Sources */,
				FF0722DB2482B02C005E986C /* HomeInteractor.swift in Sources */,
				FF1A0B172482456700E406E9 /* Factory.swift in Sources */,
				FF0722F12482DDEB005E986C /* WatchedTVShowPresenter.swift in Sources */,
				FF1A0B192482473000E406E9 /* ViewControllersFactory.swift in Sources */,
				FF1A0B1E24824D8B00E406E9 /* AppStartViewController.swift in Sources */,
				FF1A4C68248386A0006D4B23 /* ActionButton.swift in Sources */,
			);
			runOnlyForDeploymentPostprocessing = 0;
		};
/* End PBXSourcesBuildPhase section */

/* Begin PBXVariantGroup section */
		FF0722CC2482AC80005E986C /* Localizable.strings */ = {
			isa = PBXVariantGroup;
			children = (
				FF0722CB2482AC80005E986C /* en */,
				FF0722CD2482AC96005E986C /* ru */,
				FF0722CE2482ACA3005E986C /* de */,
			);
			name = Localizable.strings;
			sourceTree = "<group>";
		};
		FF155C0B2482403200F76D38 /* LaunchScreen.storyboard */ = {
			isa = PBXVariantGroup;
			children = (
				FF155C0C2482403200F76D38 /* Base */,
			);
			name = LaunchScreen.storyboard;
			sourceTree = "<group>";
		};
/* End PBXVariantGroup section */

/* Begin XCBuildConfiguration section */
		FF155C0F2482403200F76D38 /* Debug */ = {
			isa = XCBuildConfiguration;
			buildSettings = {
				ALWAYS_SEARCH_USER_PATHS = NO;
				CLANG_ANALYZER_LOCALIZABILITY_NONLOCALIZED = YES;
				CLANG_ANALYZER_NONNULL = YES;
				CLANG_ANALYZER_NUMBER_OBJECT_CONVERSION = YES_AGGRESSIVE;
				CLANG_CXX_LANGUAGE_STANDARD = "gnu++14";
				CLANG_CXX_LIBRARY = "libc++";
				CLANG_ENABLE_MODULES = YES;
				CLANG_ENABLE_OBJC_ARC = YES;
				CLANG_ENABLE_OBJC_WEAK = YES;
				CLANG_WARN_BLOCK_CAPTURE_AUTORELEASING = YES;
				CLANG_WARN_BOOL_CONVERSION = YES;
				CLANG_WARN_COMMA = YES;
				CLANG_WARN_CONSTANT_CONVERSION = YES;
				CLANG_WARN_DEPRECATED_OBJC_IMPLEMENTATIONS = YES;
				CLANG_WARN_DIRECT_OBJC_ISA_USAGE = YES_ERROR;
				CLANG_WARN_DOCUMENTATION_COMMENTS = YES;
				CLANG_WARN_EMPTY_BODY = YES;
				CLANG_WARN_ENUM_CONVERSION = YES;
				CLANG_WARN_INFINITE_RECURSION = YES;
				CLANG_WARN_INT_CONVERSION = YES;
				CLANG_WARN_NON_LITERAL_NULL_CONVERSION = YES;
				CLANG_WARN_OBJC_IMPLICIT_RETAIN_SELF = YES;
				CLANG_WARN_OBJC_LITERAL_CONVERSION = YES;
				CLANG_WARN_OBJC_ROOT_CLASS = YES_ERROR;
				CLANG_WARN_RANGE_LOOP_ANALYSIS = YES;
				CLANG_WARN_STRICT_PROTOTYPES = YES;
				CLANG_WARN_SUSPICIOUS_MOVE = YES;
				CLANG_WARN_UNGUARDED_AVAILABILITY = YES_AGGRESSIVE;
				CLANG_WARN_UNREACHABLE_CODE = YES;
				CLANG_WARN__DUPLICATE_METHOD_MATCH = YES;
				COPY_PHASE_STRIP = NO;
				DEBUG_INFORMATION_FORMAT = dwarf;
				ENABLE_STRICT_OBJC_MSGSEND = YES;
				ENABLE_TESTABILITY = YES;
				GCC_C_LANGUAGE_STANDARD = gnu11;
				GCC_DYNAMIC_NO_PIC = NO;
				GCC_NO_COMMON_BLOCKS = YES;
				GCC_OPTIMIZATION_LEVEL = 0;
				GCC_PREPROCESSOR_DEFINITIONS = (
					"DEBUG=1",
					"$(inherited)",
				);
				GCC_WARN_64_TO_32_BIT_CONVERSION = YES;
				GCC_WARN_ABOUT_RETURN_TYPE = YES_ERROR;
				GCC_WARN_UNDECLARED_SELECTOR = YES;
				GCC_WARN_UNINITIALIZED_AUTOS = YES_AGGRESSIVE;
				GCC_WARN_UNUSED_FUNCTION = YES;
				GCC_WARN_UNUSED_VARIABLE = YES;
				IPHONEOS_DEPLOYMENT_TARGET = 13.0;
				MTL_ENABLE_DEBUG_INFO = INCLUDE_SOURCE;
				MTL_FAST_MATH = YES;
				ONLY_ACTIVE_ARCH = YES;
				SDKROOT = iphoneos;
				SWIFT_ACTIVE_COMPILATION_CONDITIONS = DEBUG;
				SWIFT_OPTIMIZATION_LEVEL = "-Onone";
			};
			name = Debug;
		};
		FF155C102482403200F76D38 /* Release */ = {
			isa = XCBuildConfiguration;
			buildSettings = {
				ALWAYS_SEARCH_USER_PATHS = NO;
				CLANG_ANALYZER_LOCALIZABILITY_NONLOCALIZED = YES;
				CLANG_ANALYZER_NONNULL = YES;
				CLANG_ANALYZER_NUMBER_OBJECT_CONVERSION = YES_AGGRESSIVE;
				CLANG_CXX_LANGUAGE_STANDARD = "gnu++14";
				CLANG_CXX_LIBRARY = "libc++";
				CLANG_ENABLE_MODULES = YES;
				CLANG_ENABLE_OBJC_ARC = YES;
				CLANG_ENABLE_OBJC_WEAK = YES;
				CLANG_WARN_BLOCK_CAPTURE_AUTORELEASING = YES;
				CLANG_WARN_BOOL_CONVERSION = YES;
				CLANG_WARN_COMMA = YES;
				CLANG_WARN_CONSTANT_CONVERSION = YES;
				CLANG_WARN_DEPRECATED_OBJC_IMPLEMENTATIONS = YES;
				CLANG_WARN_DIRECT_OBJC_ISA_USAGE = YES_ERROR;
				CLANG_WARN_DOCUMENTATION_COMMENTS = YES;
				CLANG_WARN_EMPTY_BODY = YES;
				CLANG_WARN_ENUM_CONVERSION = YES;
				CLANG_WARN_INFINITE_RECURSION = YES;
				CLANG_WARN_INT_CONVERSION = YES;
				CLANG_WARN_NON_LITERAL_NULL_CONVERSION = YES;
				CLANG_WARN_OBJC_IMPLICIT_RETAIN_SELF = YES;
				CLANG_WARN_OBJC_LITERAL_CONVERSION = YES;
				CLANG_WARN_OBJC_ROOT_CLASS = YES_ERROR;
				CLANG_WARN_RANGE_LOOP_ANALYSIS = YES;
				CLANG_WARN_STRICT_PROTOTYPES = YES;
				CLANG_WARN_SUSPICIOUS_MOVE = YES;
				CLANG_WARN_UNGUARDED_AVAILABILITY = YES_AGGRESSIVE;
				CLANG_WARN_UNREACHABLE_CODE = YES;
				CLANG_WARN__DUPLICATE_METHOD_MATCH = YES;
				COPY_PHASE_STRIP = NO;
				DEBUG_INFORMATION_FORMAT = "dwarf-with-dsym";
				ENABLE_NS_ASSERTIONS = NO;
				ENABLE_STRICT_OBJC_MSGSEND = YES;
				GCC_C_LANGUAGE_STANDARD = gnu11;
				GCC_NO_COMMON_BLOCKS = YES;
				GCC_WARN_64_TO_32_BIT_CONVERSION = YES;
				GCC_WARN_ABOUT_RETURN_TYPE = YES_ERROR;
				GCC_WARN_UNDECLARED_SELECTOR = YES;
				GCC_WARN_UNINITIALIZED_AUTOS = YES_AGGRESSIVE;
				GCC_WARN_UNUSED_FUNCTION = YES;
				GCC_WARN_UNUSED_VARIABLE = YES;
				IPHONEOS_DEPLOYMENT_TARGET = 13.0;
				MTL_ENABLE_DEBUG_INFO = NO;
				MTL_FAST_MATH = YES;
				SDKROOT = iphoneos;
				SWIFT_COMPILATION_MODE = wholemodule;
				SWIFT_OPTIMIZATION_LEVEL = "-O";
				VALIDATE_PRODUCT = YES;
			};
			name = Release;
		};
		FF155C122482403200F76D38 /* Debug */ = {
			isa = XCBuildConfiguration;
			baseConfigurationReference = 2DE3CA32F0725AB4933D1C3B /* Pods-TVShowManager.debug.xcconfig */;
			buildSettings = {
				ASSETCATALOG_COMPILER_APPICON_NAME = AppIcon;
				CODE_SIGN_STYLE = Automatic;
				DEVELOPMENT_TEAM = 98W2A74UW7;
				INFOPLIST_FILE = "$(SRCROOT)/TVShowManager/SupportingFiles/Info.plist";
				LD_RUNPATH_SEARCH_PATHS = (
					"$(inherited)",
					"@executable_path/Frameworks",
				);
				PRODUCT_BUNDLE_IDENTIFIER = "com.ati-soft.TVShowManager";
				PRODUCT_NAME = "$(TARGET_NAME)";
				SWIFT_VERSION = 5.0;
				TARGETED_DEVICE_FAMILY = 1;
			};
			name = Debug;
		};
		FF155C132482403200F76D38 /* Release */ = {
			isa = XCBuildConfiguration;
			baseConfigurationReference = 29570827196E8DA26C93DF60 /* Pods-TVShowManager.release.xcconfig */;
			buildSettings = {
				ASSETCATALOG_COMPILER_APPICON_NAME = AppIcon;
				CODE_SIGN_STYLE = Automatic;
				DEVELOPMENT_TEAM = 98W2A74UW7;
				INFOPLIST_FILE = "$(SRCROOT)/TVShowManager/SupportingFiles/Info.plist";
				LD_RUNPATH_SEARCH_PATHS = (
					"$(inherited)",
					"@executable_path/Frameworks",
				);
				PRODUCT_BUNDLE_IDENTIFIER = "com.ati-soft.TVShowManager";
				PRODUCT_NAME = "$(TARGET_NAME)";
				SWIFT_VERSION = 5.0;
				TARGETED_DEVICE_FAMILY = 1;
			};
			name = Release;
		};
/* End XCBuildConfiguration section */

/* Begin XCConfigurationList section */
		FF155BF52482403100F76D38 /* Build configuration list for PBXProject "TVShowManager" */ = {
			isa = XCConfigurationList;
			buildConfigurations = (
				FF155C0F2482403200F76D38 /* Debug */,
				FF155C102482403200F76D38 /* Release */,
			);
			defaultConfigurationIsVisible = 0;
			defaultConfigurationName = Release;
		};
		FF155C112482403200F76D38 /* Build configuration list for PBXNativeTarget "TVShowManager" */ = {
			isa = XCConfigurationList;
			buildConfigurations = (
				FF155C122482403200F76D38 /* Debug */,
				FF155C132482403200F76D38 /* Release */,
			);
			defaultConfigurationIsVisible = 0;
			defaultConfigurationName = Release;
		};
/* End XCConfigurationList section */

/* Begin XCVersionGroup section */
		FF155C062482403100F76D38 /* TVShowManager.xcdatamodeld */ = {
			isa = XCVersionGroup;
			children = (
				FF155C072482403100F76D38 /* TVShowManager.xcdatamodel */,
			);
			currentVersion = FF155C072482403100F76D38 /* TVShowManager.xcdatamodel */;
			path = TVShowManager.xcdatamodeld;
			sourceTree = "<group>";
			versionGroupType = wrapper.xcdatamodel;
		};
/* End XCVersionGroup section */
	};
	rootObject = FF155BF22482403100F76D38 /* Project object */;
}
