// !$*UTF8*$!
{
	archiveVersion = 1;
	classes = {
	};
	objectVersion = 51;
	objects = {

/* Begin PBXBuildFile section */
		EDEE9C273F68D06EE2B51E92 /* Pods_TVShowManager.framework in Frameworks */ = {isa = PBXBuildFile; fileRef = EEDB285A762254D2EBB338C8 /* Pods_TVShowManager.framework */; };
		FF0722C72482A183005E986C /* AppStartViewModel.swift in Sources */ = {isa = PBXBuildFile; fileRef = FF0722C62482A183005E986C /* AppStartViewModel.swift */; };
		FF0722CA2482AC80005E986C /* Localizable.strings in Resources */ = {isa = PBXBuildFile; fileRef = FF0722CC2482AC80005E986C /* Localizable.strings */; };
		FF0722D12482AD8C005E986C /* String+Localization.swift in Sources */ = {isa = PBXBuildFile; fileRef = FF0722D02482AD8C005E986C /* String+Localization.swift */; };
		FF0722D42482AF32005E986C /* UIViewController+Routing.swift in Sources */ = {isa = PBXBuildFile; fileRef = FF0722D32482AF32005E986C /* UIViewController+Routing.swift */; };
		FF0722D82482B019005E986C /* HomeViewController.swift in Sources */ = {isa = PBXBuildFile; fileRef = FF0722D62482B019005E986C /* HomeViewController.swift */; };
		FF0722D92482B019005E986C /* HomeViewController.xib in Resources */ = {isa = PBXBuildFile; fileRef = FF0722D72482B019005E986C /* HomeViewController.xib */; };
		FF0722DB2482B02C005E986C /* HomeViewControllerInteractor.swift in Sources */ = {isa = PBXBuildFile; fileRef = FF0722DA2482B02C005E986C /* HomeViewControllerInteractor.swift */; };
		FF0722DD2482B03D005E986C /* HomeViewControllerPresenter.swift in Sources */ = {isa = PBXBuildFile; fileRef = FF0722DC2482B03D005E986C /* HomeViewControllerPresenter.swift */; };
		FF0722DF2482B4C9005E986C /* UIViewController+UINavigationController.swift in Sources */ = {isa = PBXBuildFile; fileRef = FF0722DE2482B4C9005E986C /* UIViewController+UINavigationController.swift */; };
		FF155BFE2482403100F76D38 /* AppDelegate.swift in Sources */ = {isa = PBXBuildFile; fileRef = FF155BFD2482403100F76D38 /* AppDelegate.swift */; };
		FF155C002482403100F76D38 /* SceneDelegate.swift in Sources */ = {isa = PBXBuildFile; fileRef = FF155BFF2482403100F76D38 /* SceneDelegate.swift */; };
		FF155C082482403100F76D38 /* TVShowManager.xcdatamodeld in Sources */ = {isa = PBXBuildFile; fileRef = FF155C062482403100F76D38 /* TVShowManager.xcdatamodeld */; };
		FF155C0A2482403200F76D38 /* Assets.xcassets in Resources */ = {isa = PBXBuildFile; fileRef = FF155C092482403200F76D38 /* Assets.xcassets */; };
		FF155C0D2482403200F76D38 /* LaunchScreen.storyboard in Resources */ = {isa = PBXBuildFile; fileRef = FF155C0B2482403200F76D38 /* LaunchScreen.storyboard */; };
		FF1A0B172482456700E406E9 /* Factory.swift in Sources */ = {isa = PBXBuildFile; fileRef = FF1A0B162482456700E406E9 /* Factory.swift */; };
		FF1A0B192482473000E406E9 /* ViewControllersFactory.swift in Sources */ = {isa = PBXBuildFile; fileRef = FF1A0B182482473000E406E9 /* ViewControllersFactory.swift */; };
		FF1A0B1E24824D8B00E406E9 /* AppStartViewController.swift in Sources */ = {isa = PBXBuildFile; fileRef = FF1A0B1C24824D8B00E406E9 /* AppStartViewController.swift */; };
		FF1A0B1F24824D8B00E406E9 /* AppStartViewController.xib in Resources */ = {isa = PBXBuildFile; fileRef = FF1A0B1D24824D8B00E406E9 /* AppStartViewController.xib */; };
		FF1A0B2124824DBD00E406E9 /* AppStartViewControllerInteractor.swift in Sources */ = {isa = PBXBuildFile; fileRef = FF1A0B2024824DBD00E406E9 /* AppStartViewControllerInteractor.swift */; };
		FF1A0B2324824DCC00E406E9 /* AppStartViewControllerPresenter.swift in Sources */ = {isa = PBXBuildFile; fileRef = FF1A0B2224824DCC00E406E9 /* AppStartViewControllerPresenter.swift */; };
		FF1A0B262482504200E406E9 /* NSObject+Extensions.swift in Sources */ = {isa = PBXBuildFile; fileRef = FF1A0B252482504200E406E9 /* NSObject+Extensions.swift */; };
		FF1A0B292482513B00E406E9 /* LocalPersistentStore.swift in Sources */ = {isa = PBXBuildFile; fileRef = FF1A0B282482513B00E406E9 /* LocalPersistentStore.swift */; };
		FF1A0B2E2482530200E406E9 /* FileManager+URLs.swift in Sources */ = {isa = PBXBuildFile; fileRef = FF1A0B2D2482530200E406E9 /* FileManager+URLs.swift */; };
		FF1A0B332482560700E406E9 /* DataLayerFactory.swift in Sources */ = {isa = PBXBuildFile; fileRef = FF1A0B322482560700E406E9 /* DataLayerFactory.swift */; };
/* End PBXBuildFile section */

/* Begin PBXFileReference section */
		29570827196E8DA26C93DF60 /* Pods-TVShowManager.release.xcconfig */ = {isa = PBXFileReference; includeInIndex = 1; lastKnownFileType = text.xcconfig; name = "Pods-TVShowManager.release.xcconfig"; path = "Target Support Files/Pods-TVShowManager/Pods-TVShowManager.release.xcconfig"; sourceTree = "<group>"; };
		2DE3CA32F0725AB4933D1C3B /* Pods-TVShowManager.debug.xcconfig */ = {isa = PBXFileReference; includeInIndex = 1; lastKnownFileType = text.xcconfig; name = "Pods-TVShowManager.debug.xcconfig"; path = "Target Support Files/Pods-TVShowManager/Pods-TVShowManager.debug.xcconfig"; sourceTree = "<group>"; };
		EEDB285A762254D2EBB338C8 /* Pods_TVShowManager.framework */ = {isa = PBXFileReference; explicitFileType = wrapper.framework; includeInIndex = 0; path = Pods_TVShowManager.framework; sourceTree = BUILT_PRODUCTS_DIR; };
		FF0722C62482A183005E986C /* AppStartViewModel.swift */ = {isa = PBXFileReference; lastKnownFileType = sourcecode.swift; path = AppStartViewModel.swift; sourceTree = "<group>"; };
		FF0722CB2482AC80005E986C /* en */ = {isa = PBXFileReference; lastKnownFileType = text.plist.strings; name = en; path = en.lproj/Localizable.strings; sourceTree = "<group>"; };
		FF0722CD2482AC96005E986C /* ru */ = {isa = PBXFileReference; lastKnownFileType = text.plist.strings; name = ru; path = ru.lproj/Localizable.strings; sourceTree = "<group>"; };
		FF0722CE2482ACA3005E986C /* de */ = {isa = PBXFileReference; lastKnownFileType = text.plist.strings; name = de; path = de.lproj/Localizable.strings; sourceTree = "<group>"; };
		FF0722D02482AD8C005E986C /* String+Localization.swift */ = {isa = PBXFileReference; lastKnownFileType = sourcecode.swift; path = "String+Localization.swift"; sourceTree = "<group>"; };
		FF0722D32482AF32005E986C /* UIViewController+Routing.swift */ = {isa = PBXFileReference; lastKnownFileType = sourcecode.swift; path = "UIViewController+Routing.swift"; sourceTree = "<group>"; };
		FF0722D62482B019005E986C /* HomeViewController.swift */ = {isa = PBXFileReference; lastKnownFileType = sourcecode.swift; path = HomeViewController.swift; sourceTree = "<group>"; };
		FF0722D72482B019005E986C /* HomeViewController.xib */ = {isa = PBXFileReference; lastKnownFileType = file.xib; path = HomeViewController.xib; sourceTree = "<group>"; };
		FF0722DA2482B02C005E986C /* HomeViewControllerInteractor.swift */ = {isa = PBXFileReference; lastKnownFileType = sourcecode.swift; path = HomeViewControllerInteractor.swift; sourceTree = "<group>"; };
		FF0722DC2482B03D005E986C /* HomeViewControllerPresenter.swift */ = {isa = PBXFileReference; lastKnownFileType = sourcecode.swift; path = HomeViewControllerPresenter.swift; sourceTree = "<group>"; };
		FF0722DE2482B4C9005E986C /* UIViewController+UINavigationController.swift */ = {isa = PBXFileReference; lastKnownFileType = sourcecode.swift; path = "UIViewController+UINavigationController.swift"; sourceTree = "<group>"; };
		FF155BFA2482403100F76D38 /* TVShowManager.app */ = {isa = PBXFileReference; explicitFileType = wrapper.application; includeInIndex = 0; path = TVShowManager.app; sourceTree = BUILT_PRODUCTS_DIR; };
		FF155BFD2482403100F76D38 /* AppDelegate.swift */ = {isa = PBXFileReference; lastKnownFileType = sourcecode.swift; path = AppDelegate.swift; sourceTree = "<group>"; };
		FF155BFF2482403100F76D38 /* SceneDelegate.swift */ = {isa = PBXFileReference; lastKnownFileType = sourcecode.swift; path = SceneDelegate.swift; sourceTree = "<group>"; };
		FF155C072482403100F76D38 /* TVShowManager.xcdatamodel */ = {isa = PBXFileReference; lastKnownFileType = wrapper.xcdatamodel; path = TVShowManager.xcdatamodel; sourceTree = "<group>"; };
		FF155C092482403200F76D38 /* Assets.xcassets */ = {isa = PBXFileReference; lastKnownFileType = folder.assetcatalog; path = Assets.xcassets; sourceTree = "<group>"; };
		FF155C0C2482403200F76D38 /* Base */ = {isa = PBXFileReference; lastKnownFileType = file.storyboard; name = Base; path = Base.lproj/LaunchScreen.storyboard; sourceTree = "<group>"; };
		FF155C0E2482403200F76D38 /* Info.plist */ = {isa = PBXFileReference; lastKnownFileType = text.plist.xml; path = Info.plist; sourceTree = "<group>"; };
		FF1A0B162482456700E406E9 /* Factory.swift */ = {isa = PBXFileReference; lastKnownFileType = sourcecode.swift; path = Factory.swift; sourceTree = "<group>"; };
		FF1A0B182482473000E406E9 /* ViewControllersFactory.swift */ = {isa = PBXFileReference; lastKnownFileType = sourcecode.swift; path = ViewControllersFactory.swift; sourceTree = "<group>"; };
		FF1A0B1C24824D8B00E406E9 /* AppStartViewController.swift */ = {isa = PBXFileReference; lastKnownFileType = sourcecode.swift; path = AppStartViewController.swift; sourceTree = "<group>"; };
		FF1A0B1D24824D8B00E406E9 /* AppStartViewController.xib */ = {isa = PBXFileReference; lastKnownFileType = file.xib; path = AppStartViewController.xib; sourceTree = "<group>"; };
		FF1A0B2024824DBD00E406E9 /* AppStartViewControllerInteractor.swift */ = {isa = PBXFileReference; lastKnownFileType = sourcecode.swift; path = AppStartViewControllerInteractor.swift; sourceTree = "<group>"; };
		FF1A0B2224824DCC00E406E9 /* AppStartViewControllerPresenter.swift */ = {isa = PBXFileReference; lastKnownFileType = sourcecode.swift; path = AppStartViewControllerPresenter.swift; sourceTree = "<group>"; };
		FF1A0B252482504200E406E9 /* NSObject+Extensions.swift */ = {isa = PBXFileReference; lastKnownFileType = sourcecode.swift; path = "NSObject+Extensions.swift"; sourceTree = "<group>"; };
		FF1A0B282482513B00E406E9 /* LocalPersistentStore.swift */ = {isa = PBXFileReference; lastKnownFileType = sourcecode.swift; path = LocalPersistentStore.swift; sourceTree = "<group>"; };
		FF1A0B2D2482530200E406E9 /* FileManager+URLs.swift */ = {isa = PBXFileReference; lastKnownFileType = sourcecode.swift; path = "FileManager+URLs.swift"; sourceTree = "<group>"; };
		FF1A0B322482560700E406E9 /* DataLayerFactory.swift */ = {isa = PBXFileReference; lastKnownFileType = sourcecode.swift; path = DataLayerFactory.swift; sourceTree = "<group>"; };
/* End PBXFileReference section */

/* Begin PBXFrameworksBuildPhase section */
		FF155BF72482403100F76D38 /* Frameworks */ = {
			isa = PBXFrameworksBuildPhase;
			buildActionMask = 2147483647;
			files = (
				EDEE9C273F68D06EE2B51E92 /* Pods_TVShowManager.framework in Frameworks */,
			);
			runOnlyForDeploymentPostprocessing = 0;
		};
/* End PBXFrameworksBuildPhase section */

/* Begin PBXGroup section */
		9AF707ECEABD127B07792435 /* Frameworks */ = {
			isa = PBXGroup;
			children = (
				EEDB285A762254D2EBB338C8 /* Pods_TVShowManager.framework */,
			);
			name = Frameworks;
			sourceTree = "<group>";
		};
		DB82D7630EF046499C707978 /* Pods */ = {
			isa = PBXGroup;
			children = (
				2DE3CA32F0725AB4933D1C3B /* Pods-TVShowManager.debug.xcconfig */,
				29570827196E8DA26C93DF60 /* Pods-TVShowManager.release.xcconfig */,
			);
			path = Pods;
			sourceTree = "<group>";
		};
		FF0722CF2482AD73005E986C /* String */ = {
			isa = PBXGroup;
			children = (
				FF0722D02482AD8C005E986C /* String+Localization.swift */,
			);
			path = String;
			sourceTree = "<group>";
		};
		FF0722D22482AF02005E986C /* UIViewController */ = {
			isa = PBXGroup;
			children = (
				FF0722D32482AF32005E986C /* UIViewController+Routing.swift */,
				FF0722DE2482B4C9005E986C /* UIViewController+UINavigationController.swift */,
			);
			path = UIViewController;
			sourceTree = "<group>";
		};
		FF0722D52482AFF6005E986C /* Home */ = {
			isa = PBXGroup;
			children = (
				FF0722D62482B019005E986C /* HomeViewController.swift */,
				FF0722D72482B019005E986C /* HomeViewController.xib */,
				FF0722DA2482B02C005E986C /* HomeViewControllerInteractor.swift */,
				FF0722DC2482B03D005E986C /* HomeViewControllerPresenter.swift */,
			);
			path = Home;
			sourceTree = "<group>";
		};
		FF155BF12482403100F76D38 = {
			isa = PBXGroup;
			children = (
				FF155BFC2482403100F76D38 /* TVShowManager */,
				FF155BFB2482403100F76D38 /* Products */,
				DB82D7630EF046499C707978 /* Pods */,
				9AF707ECEABD127B07792435 /* Frameworks */,
			);
			sourceTree = "<group>";
		};
		FF155BFB2482403100F76D38 /* Products */ = {
			isa = PBXGroup;
			children = (
				FF155BFA2482403100F76D38 /* TVShowManager.app */,
			);
			name = Products;
			sourceTree = "<group>";
		};
		FF155BFC2482403100F76D38 /* TVShowManager */ = {
			isa = PBXGroup;
			children = (
				FF6E470824824121001BE330 /* Application */,
				FF6E470D2482417B001BE330 /* DataLayer */,
				FF1A0B242482502000E406E9 /* Extensions */,
				FF1A0B152482454100E406E9 /* Factories */,
				FF6E470B24824164001BE330 /* Resources */,
				FF6E470A2482413C001BE330 /* Storyboards */,
				FF6E470C2482416E001BE330 /* SupportingFiles */,
				FF6E470924824131001BE330 /* ViewControllers */,
			);
			path = TVShowManager;
			sourceTree = "<group>";
		};
		FF1A0B152482454100E406E9 /* Factories */ = {
			isa = PBXGroup;
			children = (
				FF1A0B322482560700E406E9 /* DataLayerFactory.swift */,
				FF1A0B162482456700E406E9 /* Factory.swift */,
				FF1A0B182482473000E406E9 /* ViewControllersFactory.swift */,
			);
			path = Factories;
			sourceTree = "<group>";
		};
		FF1A0B1B24824D5700E406E9 /* AppStart */ = {
			isa = PBXGroup;
			children = (
				FF1A0B1C24824D8B00E406E9 /* AppStartViewController.swift */,
				FF1A0B1D24824D8B00E406E9 /* AppStartViewController.xib */,
				FF1A0B2024824DBD00E406E9 /* AppStartViewControllerInteractor.swift */,
				FF1A0B2224824DCC00E406E9 /* AppStartViewControllerPresenter.swift */,
				FF0722C62482A183005E986C /* AppStartViewModel.swift */,
			);
			path = AppStart;
			sourceTree = "<group>";
		};
		FF1A0B242482502000E406E9 /* Extensions */ = {
			isa = PBXGroup;
			children = (
				FF1A0B2C248252E800E406E9 /* FileManager */,
				FF1A0B2A248252B200E406E9 /* NSObject */,
				FF0722CF2482AD73005E986C /* String */,
				FF0722D22482AF02005E986C /* UIViewController */,
			);
			path = Extensions;
			sourceTree = "<group>";
		};
		FF1A0B272482511D00E406E9 /* LocalPersistentStore */ = {
			isa = PBXGroup;
			children = (
				FF1A0B282482513B00E406E9 /* LocalPersistentStore.swift */,
			);
			path = LocalPersistentStore;
			sourceTree = "<group>";
		};
		FF1A0B2A248252B200E406E9 /* NSObject */ = {
			isa = PBXGroup;
			children = (
				FF1A0B252482504200E406E9 /* NSObject+Extensions.swift */,
			);
			path = NSObject;
			sourceTree = "<group>";
		};
		FF1A0B2C248252E800E406E9 /* FileManager */ = {
			isa = PBXGroup;
			children = (
				FF1A0B2D2482530200E406E9 /* FileManager+URLs.swift */,
			);
			path = FileManager;
			sourceTree = "<group>";
		};
		FF6E470824824121001BE330 /* Application */ = {
			isa = PBXGroup;
			children = (
				FF155BFD2482403100F76D38 /* AppDelegate.swift */,
				FF155BFF2482403100F76D38 /* SceneDelegate.swift */,
			);
			path = Application;
			sourceTree = "<group>";
		};
		FF6E470924824131001BE330 /* ViewControllers */ = {
			isa = PBXGroup;
			children = (
				FF1A0B1B24824D5700E406E9 /* AppStart */,
				FF0722D52482AFF6005E986C /* Home */,
			);
			path = ViewControllers;
			sourceTree = "<group>";
		};
		FF6E470A2482413C001BE330 /* Storyboards */ = {
			isa = PBXGroup;
			children = (
				FF155C0B2482403200F76D38 /* LaunchScreen.storyboard */,
			);
			path = Storyboards;
			sourceTree = "<group>";
		};
		FF6E470B24824164001BE330 /* Resources */ = {
			isa = PBXGroup;
			children = (
				FF155C092482403200F76D38 /* Assets.xcassets */,
				FF0722CC2482AC80005E986C /* Localizable.strings */,
			);
			path = Resources;
			sourceTree = "<group>";
		};
		FF6E470C2482416E001BE330 /* SupportingFiles */ = {
			isa = PBXGroup;
			children = (
				FF155C0E2482403200F76D38 /* Info.plist */,
			);
			path = SupportingFiles;
			sourceTree = "<group>";
		};
		FF6E470D2482417B001BE330 /* DataLayer */ = {
			isa = PBXGroup;
			children = (
				FF6E470E24824195001BE330 /* DataAccessObjects */,
				FF1A0B272482511D00E406E9 /* LocalPersistentStore */,
			);
			path = DataLayer;
			sourceTree = "<group>";
		};
		FF6E470E24824195001BE330 /* DataAccessObjects */ = {
			isa = PBXGroup;
			children = (
				FF155C062482403100F76D38 /* TVShowManager.xcdatamodeld */,
			);
			path = DataAccessObjects;
			sourceTree = "<group>";
		};
/* End PBXGroup section */

/* Begin PBXNativeTarget section */
		FF155BF92482403100F76D38 /* TVShowManager */ = {
			isa = PBXNativeTarget;
			buildConfigurationList = FF155C112482403200F76D38 /* Build configuration list for PBXNativeTarget "TVShowManager" */;
			buildPhases = (
				93262D0CF7435F647876EC8B /* [CP] Check Pods Manifest.lock */,
				FF155BF62482403100F76D38 /* Sources */,
				FF155BF72482403100F76D38 /* Frameworks */,
				FF155BF82482403100F76D38 /* Resources */,
				F026D6A966443704D116A35C /* [CP] Embed Pods Frameworks */,
			);
			buildRules = (
			);
			dependencies = (
			);
			name = TVShowManager;
			productName = TVShowManager;
			productReference = FF155BFA2482403100F76D38 /* TVShowManager.app */;
			productType = "com.apple.product-type.application";
		};
/* End PBXNativeTarget section */

/* Begin PBXProject section */
		FF155BF22482403100F76D38 /* Project object */ = {
			isa = PBXProject;
			attributes = {
				LastSwiftUpdateCheck = 1150;
				LastUpgradeCheck = 1150;
				ORGANIZATIONNAME = "ATi Soft";
				TargetAttributes = {
					FF155BF92482403100F76D38 = {
						CreatedOnToolsVersion = 11.5;
					};
				};
			};
			buildConfigurationList = FF155BF52482403100F76D38 /* Build configuration list for PBXProject "TVShowManager" */;
			compatibilityVersion = "Xcode 9.3";
			developmentRegion = en;
			hasScannedForEncodings = 0;
			knownRegions = (
				en,
				Base,
				ru,
				de,
			);
			mainGroup = FF155BF12482403100F76D38;
			productRefGroup = FF155BFB2482403100F76D38 /* Products */;
			projectDirPath = "";
			projectRoot = "";
			targets = (
				FF155BF92482403100F76D38 /* TVShowManager */,
			);
		};
/* End PBXProject section */

/* Begin PBXResourcesBuildPhase section */
		FF155BF82482403100F76D38 /* Resources */ = {
			isa = PBXResourcesBuildPhase;
			buildActionMask = 2147483647;
			files = (
				FF155C0D2482403200F76D38 /* LaunchScreen.storyboard in Resources */,
				FF0722CA2482AC80005E986C /* Localizable.strings in Resources */,
				FF0722D92482B019005E986C /* HomeViewController.xib in Resources */,
				FF1A0B1F24824D8B00E406E9 /* AppStartViewController.xib in Resources */,
				FF155C0A2482403200F76D38 /* Assets.xcassets in Resources */,
			);
			runOnlyForDeploymentPostprocessing = 0;
		};
/* End PBXResourcesBuildPhase section */

/* Begin PBXShellScriptBuildPhase section */
		93262D0CF7435F647876EC8B /* [CP] Check Pods Manifest.lock */ = {
			isa = PBXShellScriptBuildPhase;
			buildActionMask = 2147483647;
			files = (
			);
			inputFileListPaths = (
			);
			inputPaths = (
				"${PODS_PODFILE_DIR_PATH}/Podfile.lock",
				"${PODS_ROOT}/Manifest.lock",
			);
			name = "[CP] Check Pods Manifest.lock";
			outputFileListPaths = (
			);
			outputPaths = (
				"$(DERIVED_FILE_DIR)/Pods-TVShowManager-checkManifestLockResult.txt",
			);
			runOnlyForDeploymentPostprocessing = 0;
			shellPath = /bin/sh;
			shellScript = "diff \"${PODS_PODFILE_DIR_PATH}/Podfile.lock\" \"${PODS_ROOT}/Manifest.lock\" > /dev/null\nif [ $? != 0 ] ; then\n    # print error to STDERR\n    echo \"error: The sandbox is not in sync with the Podfile.lock. Run 'pod install' or update your CocoaPods installation.\" >&2\n    exit 1\nfi\n# This output is used by Xcode 'outputs' to avoid re-running this script phase.\necho \"SUCCESS\" > \"${SCRIPT_OUTPUT_FILE_0}\"\n";
			showEnvVarsInLog = 0;
		};
		F026D6A966443704D116A35C /* [CP] Embed Pods Frameworks */ = {
			isa = PBXShellScriptBuildPhase;
			buildActionMask = 2147483647;
			files = (
			);
			inputFileListPaths = (
				"${PODS_ROOT}/Target Support Files/Pods-TVShowManager/Pods-TVShowManager-frameworks-${CONFIGURATION}-input-files.xcfilelist",
			);
			name = "[CP] Embed Pods Frameworks";
			outputFileListPaths = (
				"${PODS_ROOT}/Target Support Files/Pods-TVShowManager/Pods-TVShowManager-frameworks-${CONFIGURATION}-output-files.xcfilelist",
			);
			runOnlyForDeploymentPostprocessing = 0;
			shellPath = /bin/sh;
			shellScript = "\"${PODS_ROOT}/Target Support Files/Pods-TVShowManager/Pods-TVShowManager-frameworks.sh\"\n";
			showEnvVarsInLog = 0;
		};
/* End PBXShellScriptBuildPhase section */

/* Begin PBXSourcesBuildPhase section */
		FF155BF62482403100F76D38 /* Sources */ = {
			isa = PBXSourcesBuildPhase;
			buildActionMask = 2147483647;
			files = (
				FF155C082482403100F76D38 /* TVShowManager.xcdatamodeld in Sources */,
				FF1A0B2324824DCC00E406E9 /* AppStartViewControllerPresenter.swift in Sources */,
				FF0722C72482A183005E986C /* AppStartViewModel.swift in Sources */,
				FF1A0B2124824DBD00E406E9 /* AppStartViewControllerInteractor.swift in Sources */,
				FF155BFE2482403100F76D38 /* AppDelegate.swift in Sources */,
				FF1A0B2E2482530200E406E9 /* FileManager+URLs.swift in Sources */,
				FF1A0B262482504200E406E9 /* NSObject+Extensions.swift in Sources */,
				FF1A0B292482513B00E406E9 /* LocalPersistentStore.swift in Sources */,
				FF0722D42482AF32005E986C /* UIViewController+Routing.swift in Sources */,
				FF0722D12482AD8C005E986C /* String+Localization.swift in Sources */,
				FF0722DD2482B03D005E986C /* HomeViewControllerPresenter.swift in Sources */,
				FF155C002482403100F76D38 /* SceneDelegate.swift in Sources */,
				FF0722DF2482B4C9005E986C /* UIViewController+UINavigationController.swift in Sources */,
				FF0722D82482B019005E986C /* HomeViewController.swift in Sources */,
				FF1A0B332482560700E406E9 /* DataLayerFactory.swift in Sources */,
				FF0722DB2482B02C005E986C /* HomeViewControllerInteractor.swift in Sources */,
				FF1A0B172482456700E406E9 /* Factory.swift in Sources */,
				FF1A0B192482473000E406E9 /* ViewControllersFactory.swift in Sources */,
				FF1A0B1E24824D8B00E406E9 /* AppStartViewController.swift in Sources */,
			);
			runOnlyForDeploymentPostprocessing = 0;
		};
/* End PBXSourcesBuildPhase section */

/* Begin PBXVariantGroup section */
		FF0722CC2482AC80005E986C /* Localizable.strings */ = {
			isa = PBXVariantGroup;
			children = (
				FF0722CB2482AC80005E986C /* en */,
				FF0722CD2482AC96005E986C /* ru */,
				FF0722CE2482ACA3005E986C /* de */,
			);
			name = Localizable.strings;
			sourceTree = "<group>";
		};
		FF155C0B2482403200F76D38 /* LaunchScreen.storyboard */ = {
			isa = PBXVariantGroup;
			children = (
				FF155C0C2482403200F76D38 /* Base */,
			);
			name = LaunchScreen.storyboard;
			sourceTree = "<group>";
		};
/* End PBXVariantGroup section */

/* Begin XCBuildConfiguration section */
		FF155C0F2482403200F76D38 /* Debug */ = {
			isa = XCBuildConfiguration;
			buildSettings = {
				ALWAYS_SEARCH_USER_PATHS = NO;
				CLANG_ANALYZER_LOCALIZABILITY_NONLOCALIZED = YES;
				CLANG_ANALYZER_NONNULL = YES;
				CLANG_ANALYZER_NUMBER_OBJECT_CONVERSION = YES_AGGRESSIVE;
				CLANG_CXX_LANGUAGE_STANDARD = "gnu++14";
				CLANG_CXX_LIBRARY = "libc++";
				CLANG_ENABLE_MODULES = YES;
				CLANG_ENABLE_OBJC_ARC = YES;
				CLANG_ENABLE_OBJC_WEAK = YES;
				CLANG_WARN_BLOCK_CAPTURE_AUTORELEASING = YES;
				CLANG_WARN_BOOL_CONVERSION = YES;
				CLANG_WARN_COMMA = YES;
				CLANG_WARN_CONSTANT_CONVERSION = YES;
				CLANG_WARN_DEPRECATED_OBJC_IMPLEMENTATIONS = YES;
				CLANG_WARN_DIRECT_OBJC_ISA_USAGE = YES_ERROR;
				CLANG_WARN_DOCUMENTATION_COMMENTS = YES;
				CLANG_WARN_EMPTY_BODY = YES;
				CLANG_WARN_ENUM_CONVERSION = YES;
				CLANG_WARN_INFINITE_RECURSION = YES;
				CLANG_WARN_INT_CONVERSION = YES;
				CLANG_WARN_NON_LITERAL_NULL_CONVERSION = YES;
				CLANG_WARN_OBJC_IMPLICIT_RETAIN_SELF = YES;
				CLANG_WARN_OBJC_LITERAL_CONVERSION = YES;
				CLANG_WARN_OBJC_ROOT_CLASS = YES_ERROR;
				CLANG_WARN_RANGE_LOOP_ANALYSIS = YES;
				CLANG_WARN_STRICT_PROTOTYPES = YES;
				CLANG_WARN_SUSPICIOUS_MOVE = YES;
				CLANG_WARN_UNGUARDED_AVAILABILITY = YES_AGGRESSIVE;
				CLANG_WARN_UNREACHABLE_CODE = YES;
				CLANG_WARN__DUPLICATE_METHOD_MATCH = YES;
				COPY_PHASE_STRIP = NO;
				DEBUG_INFORMATION_FORMAT = dwarf;
				ENABLE_STRICT_OBJC_MSGSEND = YES;
				ENABLE_TESTABILITY = YES;
				GCC_C_LANGUAGE_STANDARD = gnu11;
				GCC_DYNAMIC_NO_PIC = NO;
				GCC_NO_COMMON_BLOCKS = YES;
				GCC_OPTIMIZATION_LEVEL = 0;
				GCC_PREPROCESSOR_DEFINITIONS = (
					"DEBUG=1",
					"$(inherited)",
				);
				GCC_WARN_64_TO_32_BIT_CONVERSION = YES;
				GCC_WARN_ABOUT_RETURN_TYPE = YES_ERROR;
				GCC_WARN_UNDECLARED_SELECTOR = YES;
				GCC_WARN_UNINITIALIZED_AUTOS = YES_AGGRESSIVE;
				GCC_WARN_UNUSED_FUNCTION = YES;
				GCC_WARN_UNUSED_VARIABLE = YES;
				IPHONEOS_DEPLOYMENT_TARGET = 13.0;
				MTL_ENABLE_DEBUG_INFO = INCLUDE_SOURCE;
				MTL_FAST_MATH = YES;
				ONLY_ACTIVE_ARCH = YES;
				SDKROOT = iphoneos;
				SWIFT_ACTIVE_COMPILATION_CONDITIONS = DEBUG;
				SWIFT_OPTIMIZATION_LEVEL = "-Onone";
			};
			name = Debug;
		};
		FF155C102482403200F76D38 /* Release */ = {
			isa = XCBuildConfiguration;
			buildSettings = {
				ALWAYS_SEARCH_USER_PATHS = NO;
				CLANG_ANALYZER_LOCALIZABILITY_NONLOCALIZED = YES;
				CLANG_ANALYZER_NONNULL = YES;
				CLANG_ANALYZER_NUMBER_OBJECT_CONVERSION = YES_AGGRESSIVE;
				CLANG_CXX_LANGUAGE_STANDARD = "gnu++14";
				CLANG_CXX_LIBRARY = "libc++";
				CLANG_ENABLE_MODULES = YES;
				CLANG_ENABLE_OBJC_ARC = YES;
				CLANG_ENABLE_OBJC_WEAK = YES;
				CLANG_WARN_BLOCK_CAPTURE_AUTORELEASING = YES;
				CLANG_WARN_BOOL_CONVERSION = YES;
				CLANG_WARN_COMMA = YES;
				CLANG_WARN_CONSTANT_CONVERSION = YES;
				CLANG_WARN_DEPRECATED_OBJC_IMPLEMENTATIONS = YES;
				CLANG_WARN_DIRECT_OBJC_ISA_USAGE = YES_ERROR;
				CLANG_WARN_DOCUMENTATION_COMMENTS = YES;
				CLANG_WARN_EMPTY_BODY = YES;
				CLANG_WARN_ENUM_CONVERSION = YES;
				CLANG_WARN_INFINITE_RECURSION = YES;
				CLANG_WARN_INT_CONVERSION = YES;
				CLANG_WARN_NON_LITERAL_NULL_CONVERSION = YES;
				CLANG_WARN_OBJC_IMPLICIT_RETAIN_SELF = YES;
				CLANG_WARN_OBJC_LITERAL_CONVERSION = YES;
				CLANG_WARN_OBJC_ROOT_CLASS = YES_ERROR;
				CLANG_WARN_RANGE_LOOP_ANALYSIS = YES;
				CLANG_WARN_STRICT_PROTOTYPES = YES;
				CLANG_WARN_SUSPICIOUS_MOVE = YES;
				CLANG_WARN_UNGUARDED_AVAILABILITY = YES_AGGRESSIVE;
				CLANG_WARN_UNREACHABLE_CODE = YES;
				CLANG_WARN__DUPLICATE_METHOD_MATCH = YES;
				COPY_PHASE_STRIP = NO;
				DEBUG_INFORMATION_FORMAT = "dwarf-with-dsym";
				ENABLE_NS_ASSERTIONS = NO;
				ENABLE_STRICT_OBJC_MSGSEND = YES;
				GCC_C_LANGUAGE_STANDARD = gnu11;
				GCC_NO_COMMON_BLOCKS = YES;
				GCC_WARN_64_TO_32_BIT_CONVERSION = YES;
				GCC_WARN_ABOUT_RETURN_TYPE = YES_ERROR;
				GCC_WARN_UNDECLARED_SELECTOR = YES;
				GCC_WARN_UNINITIALIZED_AUTOS = YES_AGGRESSIVE;
				GCC_WARN_UNUSED_FUNCTION = YES;
				GCC_WARN_UNUSED_VARIABLE = YES;
				IPHONEOS_DEPLOYMENT_TARGET = 13.0;
				MTL_ENABLE_DEBUG_INFO = NO;
				MTL_FAST_MATH = YES;
				SDKROOT = iphoneos;
				SWIFT_COMPILATION_MODE = wholemodule;
				SWIFT_OPTIMIZATION_LEVEL = "-O";
				VALIDATE_PRODUCT = YES;
			};
			name = Release;
		};
		FF155C122482403200F76D38 /* Debug */ = {
			isa = XCBuildConfiguration;
			baseConfigurationReference = 2DE3CA32F0725AB4933D1C3B /* Pods-TVShowManager.debug.xcconfig */;
			buildSettings = {
				ASSETCATALOG_COMPILER_APPICON_NAME = AppIcon;
				CODE_SIGN_STYLE = Automatic;
				DEVELOPMENT_TEAM = 98W2A74UW7;
				INFOPLIST_FILE = "$(SRCROOT)/TVShowManager/SupportingFiles/Info.plist";
				LD_RUNPATH_SEARCH_PATHS = (
					"$(inherited)",
					"@executable_path/Frameworks",
				);
				PRODUCT_BUNDLE_IDENTIFIER = "com.ati-soft.TVShowManager";
				PRODUCT_NAME = "$(TARGET_NAME)";
				SWIFT_VERSION = 5.0;
				TARGETED_DEVICE_FAMILY = 1;
			};
			name = Debug;
		};
		FF155C132482403200F76D38 /* Release */ = {
			isa = XCBuildConfiguration;
			baseConfigurationReference = 29570827196E8DA26C93DF60 /* Pods-TVShowManager.release.xcconfig */;
			buildSettings = {
				ASSETCATALOG_COMPILER_APPICON_NAME = AppIcon;
				CODE_SIGN_STYLE = Automatic;
				DEVELOPMENT_TEAM = 98W2A74UW7;
				INFOPLIST_FILE = "$(SRCROOT)/TVShowManager/SupportingFiles/Info.plist";
				LD_RUNPATH_SEARCH_PATHS = (
					"$(inherited)",
					"@executable_path/Frameworks",
				);
				PRODUCT_BUNDLE_IDENTIFIER = "com.ati-soft.TVShowManager";
				PRODUCT_NAME = "$(TARGET_NAME)";
				SWIFT_VERSION = 5.0;
				TARGETED_DEVICE_FAMILY = 1;
			};
			name = Release;
		};
/* End XCBuildConfiguration section */

/* Begin XCConfigurationList section */
		FF155BF52482403100F76D38 /* Build configuration list for PBXProject "TVShowManager" */ = {
			isa = XCConfigurationList;
			buildConfigurations = (
				FF155C0F2482403200F76D38 /* Debug */,
				FF155C102482403200F76D38 /* Release */,
			);
			defaultConfigurationIsVisible = 0;
			defaultConfigurationName = Release;
		};
		FF155C112482403200F76D38 /* Build configuration list for PBXNativeTarget "TVShowManager" */ = {
			isa = XCConfigurationList;
			buildConfigurations = (
				FF155C122482403200F76D38 /* Debug */,
				FF155C132482403200F76D38 /* Release */,
			);
			defaultConfigurationIsVisible = 0;
			defaultConfigurationName = Release;
		};
/* End XCConfigurationList section */

/* Begin XCVersionGroup section */
		FF155C062482403100F76D38 /* TVShowManager.xcdatamodeld */ = {
			isa = XCVersionGroup;
			children = (
				FF155C072482403100F76D38 /* TVShowManager.xcdatamodel */,
			);
			currentVersion = FF155C072482403100F76D38 /* TVShowManager.xcdatamodel */;
			path = TVShowManager.xcdatamodeld;
			sourceTree = "<group>";
			versionGroupType = wrapper.xcdatamodel;
		};
/* End XCVersionGroup section */
	};
	rootObject = FF155BF22482403100F76D38 /* Project object */;
}
